# THIS IS AN AUTOGENERATED FILE. DO NOT EDIT THIS FILE DIRECTLY.
# yarn lockfile v1


"@babel/code-frame@^7.0.0":
  version "7.8.3"
  resolved "https://registry.npm.taobao.org/@babel/code-frame/download/@babel/code-frame-7.8.3.tgz#33e25903d7481181534e12ec0a25f16b6fcf419e"
  integrity sha1-M+JZA9dIEYFTThLsCiXxa2/PQZ4=
  dependencies:
    "@babel/highlight" "^7.8.3"

"@babel/helper-validator-identifier@^7.9.0":
  version "7.9.5"
  resolved "https://registry.npm.taobao.org/@babel/helper-validator-identifier/download/@babel/helper-validator-identifier-7.9.5.tgz#90977a8e6fbf6b431a7dc31752eee233bf052d80"
  integrity sha1-kJd6jm+/a0MafcMXUu7iM78FLYA=

"@babel/highlight@^7.8.3":
  version "7.9.0"
  resolved "https://registry.npm.taobao.org/@babel/highlight/download/@babel/highlight-7.9.0.tgz?cache=0&sync_timestamp=1584746125589&other_urls=https%3A%2F%2Fregistry.npm.taobao.org%2F%40babel%2Fhighlight%2Fdownload%2F%40babel%2Fhighlight-7.9.0.tgz#4e9b45ccb82b79607271b2979ad82c7b68163079"
  integrity sha1-TptFzLgreWBycbKXmtgse2gWMHk=
  dependencies:
    "@babel/helper-validator-identifier" "^7.9.0"
    chalk "^2.0.0"
    js-tokens "^4.0.0"

"@babel/runtime@^7.9.2":
  version "7.9.6"
  resolved "https://registry.npm.taobao.org/@babel/runtime/download/@babel/runtime-7.9.6.tgz?cache=0&sync_timestamp=1588186030503&other_urls=https%3A%2F%2Fregistry.npm.taobao.org%2F%40babel%2Fruntime%2Fdownload%2F%40babel%2Fruntime-7.9.6.tgz#a9102eb5cadedf3f31d08a9ecf294af7827ea29f"
  integrity sha1-qRAutcre3z8x0IqezylK94J+op8=
  dependencies:
    regenerator-runtime "^0.13.4"

"@types/color-name@^1.1.1":
  version "1.1.1"
  resolved "https://registry.npm.taobao.org/@types/color-name/download/@types/color-name-1.1.1.tgz?cache=0&sync_timestamp=1588199741420&other_urls=https%3A%2F%2Fregistry.npm.taobao.org%2F%40types%2Fcolor-name%2Fdownload%2F%40types%2Fcolor-name-1.1.1.tgz#1c1261bbeaa10a8055bbc5d8ab84b7b2afc846a0"
  integrity sha1-HBJhu+qhCoBVu8XYq4S3sq/IRqA=

"@types/minimatch@^3.0.3":
  version "3.0.3"
  resolved "https://registry.npm.taobao.org/@types/minimatch/download/@types/minimatch-3.0.3.tgz#3dca0e3f33b200fc7d1139c0cd96c1268cadfd9d"
  integrity sha1-PcoOPzOyAPx9ETnAzZbBJoyt/Z0=

"@types/parse-json@^4.0.0":
  version "4.0.0"
  resolved "https://registry.npm.taobao.org/@types/parse-json/download/@types/parse-json-4.0.0.tgz?cache=0&sync_timestamp=1588202822847&other_urls=https%3A%2F%2Fregistry.npm.taobao.org%2F%40types%2Fparse-json%2Fdownload%2F%40types%2Fparse-json-4.0.0.tgz#2f8bb441434d163b35fb8ffdccd7138927ffb8c0"
  integrity sha1-L4u0QUNNFjs1+4/9zNcTiSf/uMA=

ansi-styles@^3.2.1:
  version "3.2.1"
  resolved "https://registry.npm.taobao.org/ansi-styles/download/ansi-styles-3.2.1.tgz#41fbb20243e50b12be0f04b8dedbf07520ce841d"
  integrity sha1-QfuyAkPlCxK+DwS43tvwdSDOhB0=
  dependencies:
    color-convert "^1.9.0"

ansi-styles@^4.1.0:
  version "4.2.1"
  resolved "https://registry.npm.taobao.org/ansi-styles/download/ansi-styles-4.2.1.tgz#90ae75c424d008d2624c5bf29ead3177ebfcf359"
  integrity sha1-kK51xCTQCNJiTFvynq0xd+v881k=
  dependencies:
    "@types/color-name" "^1.1.1"
    color-convert "^2.0.1"

array-differ@^3.0.0:
  version "3.0.0"
  resolved "https://registry.npm.taobao.org/array-differ/download/array-differ-3.0.0.tgz#3cbb3d0f316810eafcc47624734237d6aee4ae6b"
  integrity sha1-PLs9DzFoEOr8xHYkc0I31q7krms=

array-union@^2.1.0:
  version "2.1.0"
  resolved "https://registry.npm.taobao.org/array-union/download/array-union-2.1.0.tgz#b798420adbeb1de828d84acd8a2e23d3efe85e8d"
  integrity sha1-t5hCCtvrHego2ErNii4j0+/oXo0=

arrify@^2.0.1:
  version "2.0.1"
  resolved "https://registry.npm.taobao.org/arrify/download/arrify-2.0.1.tgz?cache=0&other_urls=https%3A%2F%2Fregistry.npm.taobao.org%2Farrify%2Fdownload%2Farrify-2.0.1.tgz#c9655e9331e0abcd588d2a7cad7e9956f66701fa"
  integrity sha1-yWVekzHgq81YjSp8rX6ZVvZnAfo=

balanced-match@^1.0.0:
  version "1.0.0"
  resolved "https://registry.npm.taobao.org/balanced-match/download/balanced-match-1.0.0.tgz#89b4d199ab2bee49de164ea02b89ce462d71b767"
  integrity sha1-ibTRmasr7kneFk6gK4nORi1xt2c=

brace-expansion@^1.1.7:
  version "1.1.11"
  resolved "https://registry.npm.taobao.org/brace-expansion/download/brace-expansion-1.1.11.tgz#3c7fcbf529d87226f3d2f52b966ff5271eb441dd"
  integrity sha1-PH/L9SnYcibz0vUrlm/1Jx60Qd0=
  dependencies:
    balanced-match "^1.0.0"
    concat-map "0.0.1"

callsites@^3.0.0:
  version "3.1.0"
  resolved "https://registry.npm.taobao.org/callsites/download/callsites-3.1.0.tgz#b3630abd8943432f54b3f0519238e33cd7df2f73"
  integrity sha1-s2MKvYlDQy9Us/BRkjjjPNffL3M=

chalk@^2.0.0, chalk@^2.4.2:
  version "2.4.2"
  resolved "https://registry.npm.taobao.org/chalk/download/chalk-2.4.2.tgz?cache=0&sync_timestamp=1585815676992&other_urls=https%3A%2F%2Fregistry.npm.taobao.org%2Fchalk%2Fdownload%2Fchalk-2.4.2.tgz#cd42541677a54333cf541a49108c1432b44c9424"
  integrity sha1-zUJUFnelQzPPVBpJEIwUMrRMlCQ=
  dependencies:
    ansi-styles "^3.2.1"
    escape-string-regexp "^1.0.5"
    supports-color "^5.3.0"

chalk@^4.0.0:
  version "4.0.0"
  resolved "https://registry.npm.taobao.org/chalk/download/chalk-4.0.0.tgz?cache=0&sync_timestamp=1585815676992&other_urls=https%3A%2F%2Fregistry.npm.taobao.org%2Fchalk%2Fdownload%2Fchalk-4.0.0.tgz#6e98081ed2d17faab615eb52ac66ec1fe6209e72"
  integrity sha1-bpgIHtLRf6q2FetSrGbsH+YgnnI=
  dependencies:
    ansi-styles "^4.1.0"
    supports-color "^7.1.0"

ci-info@^2.0.0:
  version "2.0.0"
  resolved "https://registry.npm.taobao.org/ci-info/download/ci-info-2.0.0.tgz#67a9e964be31a51e15e5010d58e6f12834002f46"
  integrity sha1-Z6npZL4xpR4V5QENWObxKDQAL0Y=

color-convert@^1.9.0:
  version "1.9.3"
  resolved "https://registry.npm.taobao.org/color-convert/download/color-convert-1.9.3.tgz#bb71850690e1f136567de629d2d5471deda4c1e8"
  integrity sha1-u3GFBpDh8TZWfeYp0tVHHe2kweg=
  dependencies:
    color-name "1.1.3"

color-convert@^2.0.1:
  version "2.0.1"
  resolved "https://registry.npm.taobao.org/color-convert/download/color-convert-2.0.1.tgz#72d3a68d598c9bdb3af2ad1e84f21d896abd4de3"
  integrity sha1-ctOmjVmMm9s68q0ehPIdiWq9TeM=
  dependencies:
    color-name "~1.1.4"

color-name@1.1.3:
  version "1.1.3"
  resolved "https://registry.npm.taobao.org/color-name/download/color-name-1.1.3.tgz#a7d0558bd89c42f795dd42328f740831ca53bc25"
  integrity sha1-p9BVi9icQveV3UIyj3QIMcpTvCU=

color-name@~1.1.4:
  version "1.1.4"
  resolved "https://registry.npm.taobao.org/color-name/download/color-name-1.1.4.tgz#c2a09a87acbde69543de6f63fa3995c826c536a2"
  integrity sha1-wqCah6y95pVD3m9j+jmVyCbFNqI=

compare-versions@^3.6.0:
  version "3.6.0"
  resolved "https://registry.npm.taobao.org/compare-versions/download/compare-versions-3.6.0.tgz#1a5689913685e5a87637b8d3ffca75514ec41d62"
  integrity sha1-GlaJkTaF5ah2N7jT/8p1UU7EHWI=

concat-map@0.0.1:
  version "0.0.1"
  resolved "https://registry.npm.taobao.org/concat-map/download/concat-map-0.0.1.tgz#d8a96bd77fd68df7793a73036a3ba0d5405d477b"
  integrity sha1-2Klr13/Wjfd5OnMDajug1UBdR3s=

cosmiconfig@^6.0.0:
  version "6.0.0"
  resolved "https://registry.npm.taobao.org/cosmiconfig/download/cosmiconfig-6.0.0.tgz#da4fee853c52f6b1e6935f41c1a2fc50bd4a9982"
  integrity sha1-2k/uhTxS9rHmk19BwaL8UL1KmYI=
  dependencies:
    "@types/parse-json" "^4.0.0"
    import-fresh "^3.1.0"
    parse-json "^5.0.0"
    path-type "^4.0.0"
    yaml "^1.7.2"

cross-spawn@^7.0.0:
  version "7.0.2"
  resolved "https://registry.npm.taobao.org/cross-spawn/download/cross-spawn-7.0.2.tgz#d0d7dcfa74e89115c7619f4f721a94e1fdb716d6"
  integrity sha1-0Nfc+nTokRXHYZ9PchqU4f23FtY=
  dependencies:
    path-key "^3.1.0"
    shebang-command "^2.0.0"
    which "^2.0.1"

end-of-stream@^1.1.0:
  version "1.4.4"
  resolved "https://registry.npm.taobao.org/end-of-stream/download/end-of-stream-1.4.4.tgz?cache=0&sync_timestamp=1569416272686&other_urls=https%3A%2F%2Fregistry.npm.taobao.org%2Fend-of-stream%2Fdownload%2Fend-of-stream-1.4.4.tgz#5ae64a5f45057baf3626ec14da0ca5e4b2431eb0"
  integrity sha1-WuZKX0UFe682JuwU2gyl5LJDHrA=
  dependencies:
    once "^1.4.0"

error-ex@^1.3.1:
  version "1.3.2"
  resolved "https://registry.npm.taobao.org/error-ex/download/error-ex-1.3.2.tgz#b4ac40648107fdcdcfae242f428bea8a14d4f1bf"
  integrity sha1-tKxAZIEH/c3PriQvQovqihTU8b8=
  dependencies:
    is-arrayish "^0.2.1"

escape-string-regexp@^1.0.5:
  version "1.0.5"
  resolved "https://registry.npm.taobao.org/escape-string-regexp/download/escape-string-regexp-1.0.5.tgz#1b61c0562190a8dff6ae3bb2cf0200ca130b86d4"
  integrity sha1-G2HAViGQqN/2rjuyzwIAyhMLhtQ=

execa@^2.1.0:
  version "2.1.0"
  resolved "https://registry.npm.taobao.org/execa/download/execa-2.1.0.tgz#e5d3ecd837d2a60ec50f3da78fd39767747bbe99"
  integrity sha1-5dPs2DfSpg7FDz2nj9OXZ3R7vpk=
  dependencies:
    cross-spawn "^7.0.0"
    get-stream "^5.0.0"
    is-stream "^2.0.0"
    merge-stream "^2.0.0"
    npm-run-path "^3.0.0"
    onetime "^5.1.0"
    p-finally "^2.0.0"
    signal-exit "^3.0.2"
    strip-final-newline "^2.0.0"

find-up@^4.0.0, find-up@^4.1.0:
  version "4.1.0"
  resolved "https://registry.npm.taobao.org/find-up/download/find-up-4.1.0.tgz#97afe7d6cdc0bc5928584b7c8d7b16e8a9aa5d19"
  integrity sha1-l6/n1s3AvFkoWEt8jXsW6KmqXRk=
  dependencies:
    locate-path "^5.0.0"
    path-exists "^4.0.0"

find-versions@^3.2.0:
  version "3.2.0"
  resolved "https://registry.npm.taobao.org/find-versions/download/find-versions-3.2.0.tgz?cache=0&sync_timestamp=1574393142887&other_urls=https%3A%2F%2Fregistry.npm.taobao.org%2Ffind-versions%2Fdownload%2Ffind-versions-3.2.0.tgz#10297f98030a786829681690545ef659ed1d254e"
  integrity sha1-ECl/mAMKeGgpaBaQVF72We0dJU4=
  dependencies:
    semver-regex "^2.0.0"

get-stream@^5.0.0:
  version "5.1.0"
  resolved "https://registry.npm.taobao.org/get-stream/download/get-stream-5.1.0.tgz#01203cdc92597f9b909067c3e656cc1f4d3c4dc9"
  integrity sha1-ASA83JJZf5uQkGfD5lbMH008Tck=
  dependencies:
    pump "^3.0.0"

has-flag@^3.0.0:
  version "3.0.0"
  resolved "https://registry.npm.taobao.org/has-flag/download/has-flag-3.0.0.tgz#b5d454dc2199ae225699f3467e5a07f3b955bafd"
  integrity sha1-tdRU3CGZriJWmfNGfloH87lVuv0=

has-flag@^4.0.0:
  version "4.0.0"
  resolved "https://registry.npm.taobao.org/has-flag/download/has-flag-4.0.0.tgz#944771fd9c81c81265c4d6941860da06bb59479b"
  integrity sha1-lEdx/ZyByBJlxNaUGGDaBrtZR5s=

husky@^4.2.5:
  version "4.2.5"
  resolved "https://registry.npm.taobao.org/husky/download/husky-4.2.5.tgz?cache=0&sync_timestamp=1586467911841&other_urls=https%3A%2F%2Fregistry.npm.taobao.org%2Fhusky%2Fdownload%2Fhusky-4.2.5.tgz#2b4f7622673a71579f901d9885ed448394b5fa36"
  integrity sha1-K092Imc6cVefkB2Yhe1Eg5S1+jY=
  dependencies:
    chalk "^4.0.0"
    ci-info "^2.0.0"
    compare-versions "^3.6.0"
    cosmiconfig "^6.0.0"
    find-versions "^3.2.0"
    opencollective-postinstall "^2.0.2"
    pkg-dir "^4.2.0"
    please-upgrade-node "^3.2.0"
    slash "^3.0.0"
    which-pm-runs "^1.0.0"

ignore@^5.1.4:
  version "5.1.4"
  resolved "https://registry.npm.taobao.org/ignore/download/ignore-5.1.4.tgz#84b7b3dbe64552b6ef0eca99f6743dbec6d97adf"
  integrity sha1-hLez2+ZFUrbvDsqZ9nQ9vsbZet8=

import-fresh@^3.1.0:
  version "3.2.1"
  resolved "https://registry.npm.taobao.org/import-fresh/download/import-fresh-3.2.1.tgz?cache=0&sync_timestamp=1573664960772&other_urls=https%3A%2F%2Fregistry.npm.taobao.org%2Fimport-fresh%2Fdownload%2Fimport-fresh-3.2.1.tgz#633ff618506e793af5ac91bf48b72677e15cbe66"
  integrity sha1-Yz/2GFBueTr1rJG/SLcmd+FcvmY=
  dependencies:
    parent-module "^1.0.0"
    resolve-from "^4.0.0"

is-arrayish@^0.2.1:
  version "0.2.1"
  resolved "https://registry.npm.taobao.org/is-arrayish/download/is-arrayish-0.2.1.tgz#77c99840527aa8ecb1a8ba697b80645a7a926a9d"
  integrity sha1-d8mYQFJ6qOyxqLppe4BkWnqSap0=

is-stream@^2.0.0:
  version "2.0.0"
  resolved "https://registry.npm.taobao.org/is-stream/download/is-stream-2.0.0.tgz#bde9c32680d6fae04129d6ac9d921ce7815f78e3"
  integrity sha1-venDJoDW+uBBKdasnZIc54FfeOM=

isexe@^2.0.0:
  version "2.0.0"
  resolved "https://registry.npm.taobao.org/isexe/download/isexe-2.0.0.tgz#e8fbf374dc556ff8947a10dcb0572d633f2cfa10"
  integrity sha1-6PvzdNxVb/iUehDcsFctYz8s+hA=

js-tokens@^4.0.0:
  version "4.0.0"
  resolved "https://registry.npm.taobao.org/js-tokens/download/js-tokens-4.0.0.tgz#19203fb59991df98e3a287050d4647cdeaf32499"
  integrity sha1-GSA/tZmR35jjoocFDUZHzerzJJk=

json-parse-better-errors@^1.0.1:
  version "1.0.2"
  resolved "https://registry.npm.taobao.org/json-parse-better-errors/download/json-parse-better-errors-1.0.2.tgz#bb867cfb3450e69107c131d1c514bab3dc8bcaa9"
  integrity sha1-u4Z8+zRQ5pEHwTHRxRS6s9yLyqk=

lines-and-columns@^1.1.6:
  version "1.1.6"
  resolved "https://registry.npm.taobao.org/lines-and-columns/download/lines-and-columns-1.1.6.tgz#1c00c743b433cd0a4e80758f7b64a57440d9ff00"
  integrity sha1-HADHQ7QzzQpOgHWPe2SldEDZ/wA=

locate-path@^5.0.0:
  version "5.0.0"
  resolved "https://registry.npm.taobao.org/locate-path/download/locate-path-5.0.0.tgz#1afba396afd676a6d42504d0a67a3a7eb9f62aa0"
  integrity sha1-Gvujlq/WdqbUJQTQpno6frn2KqA=
  dependencies:
    p-locate "^4.1.0"

merge-stream@^2.0.0:
  version "2.0.0"
  resolved "https://registry.npm.taobao.org/merge-stream/download/merge-stream-2.0.0.tgz#52823629a14dd00c9770fb6ad47dc6310f2c1f60"
  integrity sha1-UoI2KaFN0AyXcPtq1H3GMQ8sH2A=

mimic-fn@^2.1.0:
  version "2.1.0"
  resolved "https://registry.npm.taobao.org/mimic-fn/download/mimic-fn-2.1.0.tgz#7ed2c2ccccaf84d3ffcb7a69b57711fc2083401b"
  integrity sha1-ftLCzMyvhNP/y3pptXcR/CCDQBs=

minimatch@^3.0.4:
  version "3.0.4"
  resolved "https://registry.npm.taobao.org/minimatch/download/minimatch-3.0.4.tgz#5166e286457f03306064be5497e8dbb0c3d32083"
  integrity sha1-UWbihkV/AzBgZL5Ul+jbsMPTIIM=
  dependencies:
    brace-expansion "^1.1.7"

mri@^1.1.4:
  version "1.1.5"
  resolved "https://registry.npm.taobao.org/mri/download/mri-1.1.5.tgz#ce21dba2c69f74a9b7cf8a1ec62307e089e223e0"
  integrity sha1-ziHbosafdKm3z4oexiMH4IniI+A=

multimatch@^4.0.0:
  version "4.0.0"
  resolved "https://registry.npm.taobao.org/multimatch/download/multimatch-4.0.0.tgz#8c3c0f6e3e8449ada0af3dd29efb491a375191b3"
  integrity sha1-jDwPbj6ESa2grz3SnvtJGjdRkbM=
  dependencies:
    "@types/minimatch" "^3.0.3"
    array-differ "^3.0.0"
    array-union "^2.1.0"
    arrify "^2.0.1"
    minimatch "^3.0.4"

npm-run-path@^3.0.0:
  version "3.1.0"
  resolved "https://registry.npm.taobao.org/npm-run-path/download/npm-run-path-3.1.0.tgz?cache=0&sync_timestamp=1577053378987&other_urls=https%3A%2F%2Fregistry.npm.taobao.org%2Fnpm-run-path%2Fdownload%2Fnpm-run-path-3.1.0.tgz#7f91be317f6a466efed3c9f2980ad8a4ee8b0fa5"
  integrity sha1-f5G+MX9qRm7+08nymArYpO6LD6U=
  dependencies:
    path-key "^3.0.0"

once@^1.3.1, once@^1.4.0:
  version "1.4.0"
  resolved "https://registry.npm.taobao.org/once/download/once-1.4.0.tgz#583b1aa775961d4b113ac17d9c50baef9dd76bd1"
  integrity sha1-WDsap3WWHUsROsF9nFC6753Xa9E=
  dependencies:
    wrappy "1"

onetime@^5.1.0:
  version "5.1.0"
  resolved "https://registry.npm.taobao.org/onetime/download/onetime-5.1.0.tgz#fff0f3c91617fe62bb50189636e99ac8a6df7be5"
  integrity sha1-//DzyRYX/mK7UBiWNumayKbfe+U=
  dependencies:
    mimic-fn "^2.1.0"

opencollective-postinstall@^2.0.2:
  version "2.0.2"
  resolved "https://registry.npm.taobao.org/opencollective-postinstall/download/opencollective-postinstall-2.0.2.tgz#5657f1bede69b6e33a45939b061eb53d3c6c3a89"
  integrity sha1-Vlfxvt5ptuM6RZObBh61PTxsOok=

p-finally@^2.0.0:
  version "2.0.1"
  resolved "https://registry.npm.taobao.org/p-finally/download/p-finally-2.0.1.tgz#bd6fcaa9c559a096b680806f4d657b3f0f240561"
  integrity sha1-vW/KqcVZoJa2gIBvTWV7Pw8kBWE=

p-limit@^2.2.0:
  version "2.3.0"
  resolved "https://registry.npm.taobao.org/p-limit/download/p-limit-2.3.0.tgz?cache=0&sync_timestamp=1586101408834&other_urls=https%3A%2F%2Fregistry.npm.taobao.org%2Fp-limit%2Fdownload%2Fp-limit-2.3.0.tgz#3dd33c647a214fdfffd835933eb086da0dc21db1"
  integrity sha1-PdM8ZHohT9//2DWTPrCG2g3CHbE=
  dependencies:
    p-try "^2.0.0"

p-locate@^4.1.0:
  version "4.1.0"
  resolved "https://registry.npm.taobao.org/p-locate/download/p-locate-4.1.0.tgz#a3428bb7088b3a60292f66919278b7c297ad4f07"
  integrity sha1-o0KLtwiLOmApL2aRkni3wpetTwc=
  dependencies:
    p-limit "^2.2.0"

p-try@^2.0.0:
  version "2.2.0"
  resolved "https://registry.npm.taobao.org/p-try/download/p-try-2.2.0.tgz#cb2868540e313d61de58fafbe35ce9004d5540e6"
  integrity sha1-yyhoVA4xPWHeWPr741zpAE1VQOY=

parent-module@^1.0.0:
  version "1.0.1"
  resolved "https://registry.npm.taobao.org/parent-module/download/parent-module-1.0.1.tgz#691d2709e78c79fae3a156622452d00762caaaa2"
  integrity sha1-aR0nCeeMefrjoVZiJFLQB2LKqqI=
  dependencies:
    callsites "^3.0.0"

parse-json@^5.0.0:
  version "5.0.0"
  resolved "https://registry.npm.taobao.org/parse-json/download/parse-json-5.0.0.tgz#73e5114c986d143efa3712d4ea24db9a4266f60f"
  integrity sha1-c+URTJhtFD76NxLU6iTbmkJm9g8=
  dependencies:
    "@babel/code-frame" "^7.0.0"
    error-ex "^1.3.1"
    json-parse-better-errors "^1.0.1"
    lines-and-columns "^1.1.6"

path-exists@^4.0.0:
  version "4.0.0"
  resolved "https://registry.npm.taobao.org/path-exists/download/path-exists-4.0.0.tgz#513bdbe2d3b95d7762e8c1137efa195c6c61b5b3"
  integrity sha1-UTvb4tO5XXdi6METfvoZXGxhtbM=

path-key@^3.0.0, path-key@^3.1.0:
  version "3.1.1"
  resolved "https://registry.npm.taobao.org/path-key/download/path-key-3.1.1.tgz?cache=0&sync_timestamp=1574441520024&other_urls=https%3A%2F%2Fregistry.npm.taobao.org%2Fpath-key%2Fdownload%2Fpath-key-3.1.1.tgz#581f6ade658cbba65a0d3380de7753295054f375"
  integrity sha1-WB9q3mWMu6ZaDTOA3ndTKVBU83U=

path-type@^4.0.0:
  version "4.0.0"
  resolved "https://registry.npm.taobao.org/path-type/download/path-type-4.0.0.tgz#84ed01c0a7ba380afe09d90a8c180dcd9d03043b"
  integrity sha1-hO0BwKe6OAr+CdkKjBgNzZ0DBDs=

pkg-dir@^4.2.0:
  version "4.2.0"
  resolved "https://registry.npm.taobao.org/pkg-dir/download/pkg-dir-4.2.0.tgz#f099133df7ede422e81d1d8448270eeb3e4261f3"
  integrity sha1-8JkTPfft5CLoHR2ESCcO6z5CYfM=
  dependencies:
    find-up "^4.0.0"

please-upgrade-node@^3.2.0:
  version "3.2.0"
  resolved "https://registry.npm.taobao.org/please-upgrade-node/download/please-upgrade-node-3.2.0.tgz?cache=0&sync_timestamp=1565266069139&other_urls=https%3A%2F%2Fregistry.npm.taobao.org%2Fplease-upgrade-node%2Fdownload%2Fplease-upgrade-node-3.2.0.tgz#aeddd3f994c933e4ad98b99d9a556efa0e2fe942"
  integrity sha1-rt3T+ZTJM+StmLmdmlVu+g4v6UI=
  dependencies:
    semver-compare "^1.0.0"

prettier@2.0.5:
  version "2.0.5"
  resolved "https://registry.npm.taobao.org/prettier/download/prettier-2.0.5.tgz?cache=0&sync_timestamp=1587488828880&other_urls=https%3A%2F%2Fregistry.npm.taobao.org%2Fprettier%2Fdownload%2Fprettier-2.0.5.tgz#d6d56282455243f2f92cc1716692c08aa31522d4"
  integrity sha1-1tVigkVSQ/L5LMFxZpLAiqMVItQ=

pretty-quick@^2.0.1:
  version "2.0.1"
  resolved "https://registry.npm.taobao.org/pretty-quick/download/pretty-quick-2.0.1.tgz#417ee605ade98ecc686e72f63b5d28a2c35b43e9"
  integrity sha1-QX7mBa3pjsxobnL2O10oosNbQ+k=
  dependencies:
    chalk "^2.4.2"
    execa "^2.1.0"
    find-up "^4.1.0"
    ignore "^5.1.4"
    mri "^1.1.4"
    multimatch "^4.0.0"

pump@^3.0.0:
  version "3.0.0"
  resolved "https://registry.npm.taobao.org/pump/download/pump-3.0.0.tgz#b4a2116815bde2f4e1ea602354e8c75565107a64"
  integrity sha1-tKIRaBW94vTh6mAjVOjHVWUQemQ=
  dependencies:
    end-of-stream "^1.1.0"
    once "^1.3.1"

regenerator-runtime@^0.13.4:
  version "0.13.5"
  resolved "https://registry.npm.taobao.org/regenerator-runtime/download/regenerator-runtime-0.13.5.tgz?cache=0&sync_timestamp=1584052597708&other_urls=https%3A%2F%2Fregistry.npm.taobao.org%2Fregenerator-runtime%2Fdownload%2Fregenerator-runtime-0.13.5.tgz#d878a1d094b4306d10b9096484b33ebd55e26697"
  integrity sha1-2Hih0JS0MG0QuQlkhLM+vVXiZpc=

resolve-from@^4.0.0:
  version "4.0.0"
  resolved "https://registry.npm.taobao.org/resolve-from/download/resolve-from-4.0.0.tgz#4abcd852ad32dd7baabfe9b40e00a36db5f392e6"
  integrity sha1-SrzYUq0y3Xuqv+m0DgCjbbXzkuY=

semver-compare@^1.0.0:
  version "1.0.0"
  resolved "https://registry.npm.taobao.org/semver-compare/download/semver-compare-1.0.0.tgz#0dee216a1c941ab37e9efb1788f6afc5ff5537fc"
  integrity sha1-De4hahyUGrN+nvsXiPavxf9VN/w=

semver-regex@^2.0.0:
  version "2.0.0"
  resolved "https://registry.npm.taobao.org/semver-regex/download/semver-regex-2.0.0.tgz#a93c2c5844539a770233379107b38c7b4ac9d338"
  integrity sha1-qTwsWERTmncCMzeRB7OMe0rJ0zg=

shebang-command@^2.0.0:
  version "2.0.0"
  resolved "https://registry.npm.taobao.org/shebang-command/download/shebang-command-2.0.0.tgz?cache=0&sync_timestamp=1567809451758&other_urls=https%3A%2F%2Fregistry.npm.taobao.org%2Fshebang-command%2Fdownload%2Fshebang-command-2.0.0.tgz#ccd0af4f8835fbdc265b82461aaf0c36663f34ea"
  integrity sha1-zNCvT4g1+9wmW4JGGq8MNmY/NOo=
  dependencies:
    shebang-regex "^3.0.0"

shebang-regex@^3.0.0:
  version "3.0.0"
  resolved "https://registry.npm.taobao.org/shebang-regex/download/shebang-regex-3.0.0.tgz#ae16f1644d873ecad843b0307b143362d4c42172"
  integrity sha1-rhbxZE2HPsrYQ7AwexQzYtTEIXI=

signal-exit@^3.0.2:
  version "3.0.3"
  resolved "https://registry.npm.taobao.org/signal-exit/download/signal-exit-3.0.3.tgz?cache=0&sync_timestamp=1585253750175&other_urls=https%3A%2F%2Fregistry.npm.taobao.org%2Fsignal-exit%2Fdownload%2Fsignal-exit-3.0.3.tgz#a1410c2edd8f077b08b4e253c8eacfcaf057461c"
  integrity sha1-oUEMLt2PB3sItOJTyOrPyvBXRhw=

slash@^3.0.0:
  version "3.0.0"
  resolved "https://registry.npm.taobao.org/slash/download/slash-3.0.0.tgz#6539be870c165adbd5240220dbe361f1bc4d4634"
  integrity sha1-ZTm+hwwWWtvVJAIg2+Nh8bxNRjQ=

strip-final-newline@^2.0.0:
  version "2.0.0"
  resolved "https://registry.npm.taobao.org/strip-final-newline/download/strip-final-newline-2.0.0.tgz#89b852fb2fcbe936f6f4b3187afb0a12c1ab58ad"
  integrity sha1-ibhS+y/L6Tb29LMYevsKEsGrWK0=

supports-color@^5.3.0:
  version "5.5.0"
  resolved "https://registry.npm.taobao.org/supports-color/download/supports-color-5.5.0.tgz?cache=0&sync_timestamp=1569557271992&other_urls=https%3A%2F%2Fregistry.npm.taobao.org%2Fsupports-color%2Fdownload%2Fsupports-color-5.5.0.tgz#e2e69a44ac8772f78a1ec0b35b689df6530efc8f"
  integrity sha1-4uaaRKyHcveKHsCzW2id9lMO/I8=
  dependencies:
    has-flag "^3.0.0"

supports-color@^7.1.0:
  version "7.1.0"
  resolved "https://registry.npm.taobao.org/supports-color/download/supports-color-7.1.0.tgz?cache=0&sync_timestamp=1569557271992&other_urls=https%3A%2F%2Fregistry.npm.taobao.org%2Fsupports-color%2Fdownload%2Fsupports-color-7.1.0.tgz#68e32591df73e25ad1c4b49108a2ec507962bfd1"
  integrity sha1-aOMlkd9z4lrRxLSRCKLsUHliv9E=
  dependencies:
    has-flag "^4.0.0"

which-pm-runs@^1.0.0:
  version "1.0.0"
  resolved "https://registry.npm.taobao.org/which-pm-runs/download/which-pm-runs-1.0.0.tgz#670b3afbc552e0b55df6b7780ca74615f23ad1cb"
  integrity sha1-Zws6+8VS4LVd9rd4DKdGFfI60cs=

which@^2.0.1:
  version "2.0.2"
  resolved "https://registry.npm.taobao.org/which/download/which-2.0.2.tgz?cache=0&sync_timestamp=1574116898193&other_urls=https%3A%2F%2Fregistry.npm.taobao.org%2Fwhich%2Fdownload%2Fwhich-2.0.2.tgz#7c6a8dd0a636a0327e10b59c9286eee93f3f51b1"
  integrity sha1-fGqN0KY2oDJ+ELWckobu6T8/UbE=
  dependencies:
    isexe "^2.0.0"

wrappy@1:
  version "1.0.2"
  resolved "https://registry.npm.taobao.org/wrappy/download/wrappy-1.0.2.tgz#b5243d8f3ec1aa35f1364605bc0d1036e30ab69f"
  integrity sha1-tSQ9jz7BqjXxNkYFvA0QNuMKtp8=

yaml@^1.7.2:
  version "1.9.2"
  resolved "https://registry.npm.taobao.org/yaml/download/yaml-1.9.2.tgz?cache=0&other_urls=https%3A%2F%2Fregistry.npm.taobao.org%2Fyaml%2Fdownload%2Fyaml-1.9.2.tgz#f0cfa865f003ab707663e4f04b3956957ea564ed"
  integrity sha1-8M+oZfADq3B2Y+TwSzlWlX6lZO0=
  dependencies:
    "@babel/runtime" "^7.9.2"
